
Microsoft Visual Studio Solution File, Format Version 12.00
# Visual Studio Version 16
VisualStudioVersion = 16.0.33214.272
MinimumVisualStudioVersion = 10.0.40219.1
Project("{F184B08F-C81C-45F6-A57F-5ABD9991F28F}") = "Visual Basic final project", "Visual Basic final project.vbproj", "{ECA2D42C-5C1B-4034-B36A-A18F4E50A07A}"
EndProject
Global
	GlobalSection(SolutionConfigurationPlatforms) = preSolution
		Debug|Any CPU = Debug|Any CPU
		Release|Any CPU = Release|Any CPU
	EndGlobalSection
	GlobalSection(ProjectConfigurationPlatforms) = postSolution
		{ECA2D42C-5C1B-4034-B36A-A18F4E50A07A}.Debug|Any CPU.ActiveCfg = Debug|Any CPU
		{ECA2D42C-5C1B-4034-B36A-A18F4E50A07A}.Debug|Any CPU.Build.0 = Debug|Any CPU
		{ECA2D42C-5C1B-4034-B36A-A18F4E50A07A}.Release|Any CPU.ActiveCfg = Release|Any CPU
		{ECA2D42C-5C1B-4034-B36A-A18F4E50A07A}.Release|Any CPU.Build.0 = Release|Any CPU
	EndGlobalSection
	GlobalSection(SolutionProperties) = preSolution
		HideSolutionNode = FALSE
	EndGlobalSection
	GlobalSection(ExtensibilityGlobals) = postSolution
		SolutionGuid = {166964DB-C17A-43F5-AAAD-72CC8B9D1760}
	EndGlobalSection
EndGlobal
